PODS:
  - AEHelpers/REST (0.1.5):
    - AFNetworking
  - AETestHelpers (0.1.1):
    - OHHTTPStubs
  - AFNetworking (1.1.0)
  - FormatterKit/TimeIntervalFormatter (1.1.1)
  - OCMock (2.0.1)
  - OHHTTPStubs (1.1.1)
  - PSTCollectionView (0.0.1)
  - SVProgressHUD (0.9)
  - SVPullToRefresh (0.4.1)

DEPENDENCIES:
  - AEHelpers/REST (from `https://github.com/ap4y/cocoa_helpers.git`)
  - AETestHelpers (from `https://github.com/ap4y/cocoa_helpers.git`)
  - FormatterKit/TimeIntervalFormatter
  - OCMock
  - PSTCollectionView
  - SVProgressHUD
  - SVPullToRefresh

EXTERNAL SOURCES:
  AEHelpers:
    :git: https://github.com/ap4y/cocoa_helpers.git
  AETestHelpers:
    :git: https://github.com/ap4y/cocoa_helpers.git

SPEC CHECKSUMS:
  AEHelpers: 407fd1d1435275282c229aafa2a58a196484c3f8
  AETestHelpers: bf2e98c3c2bfc4eeed511f3783eff07f70e81c6a
  AFNetworking: 761a418233d280c1e0580bcb76ff9cb4c3073d17
  FormatterKit: b644b98d4495bdf11fc70f8f80867df5864eaf70
  OCMock: 77a9c4c57af6bf258a537d34cf09abf422affede
  OHHTTPStubs: cb1cef742f2fba18b192fb92ede52a69cf3a04d5
  PSTCollectionView: 5461a4fbe17eb1e2d2fa7388105e708deb6dd1e7
  SVProgressHUD: 98935fbafaf0031df4a9cafca3c66eaf3da06967
  SVPullToRefresh: 61a0e4bd12bd6f8e3465909810b0fbeb1a28d5f2

COCOAPODS: 0.17.0.rc6
